// !$*UTF8*$!
{
	archiveVersion = 1;
	classes = {
	};
	objectVersion = 77;
	objects = {

/* Begin PBXBuildFile section */
		1CF4A67130686FE600A20696 /* TrisPlaceRecognitionKit in Frameworks */ = {isa = PBXBuildFile; productRef = 1CF4A67030686FE600A20696 /* TrisPlaceRecognitionKit */; };
/* End PBXBuildFile section */

/* Begin PBXContainerItemProxy section */
		1CF4A65330686FA700A20696 /* PBXContainerItemProxy */ = {
			isa = PBXContainerItemProxy;
			containerPortal = 1CF4A63D30686FA200A20696 /* Project object */;
			proxyType = 1;
			remoteGlobalIDString = 1CF4A64430686FA200A20696;
			remoteInfo = TrisPlaceRecognitionDemo;
		};
		1CF4A65D30686FA700A20696 /* PBXContainerItemProxy */ = {
			isa = PBXContainerItemProxy;
			containerPortal = 1CF4A63D30686FA200A20696 /* Project object */;
			proxyType = 1;
			remoteGlobalIDString = 1CF4A64430686FA200A20696;
			remoteInfo = TrisPlaceRecognitionDemo;
		};
/* End PBXContainerItemProxy section */

/* Begin PBXFileReference section */
		1CF4A64530686FA200A20696 /* TrisPlaceRecognitionDemo.app */ = {isa = PBXFileReference; explicitFileType = wrapper.application; includeInIndex = 0; path = TrisPlaceRecognitionDemo.app; sourceTree = BUILT_PRODUCTS_DIR; };
		1CF4A65230686FA700A20696 /* TrisPlaceRecognitionDemoTests.xctest */ = {isa = PBXFileReference; explicitFileType = wrapper.cfbundle; includeInIndex = 0; path = TrisPlaceRecognitionDemoTests.xctest; sourceTree = BUILT_PRODUCTS_DIR; };
		1CF4A65C30686FA700A20696 /* TrisPlaceRecognitionDemoUITests.xctest */ = {isa = PBXFileReference; explicitFileType = wrapper.cfbundle; includeInIndex = 0; path = TrisPlaceRecognitionDemoUITests.xctest; sourceTree = BUILT_PRODUCTS_DIR; };
/* End PBXFileReference section */

/* Begin PBXFileSystemSynchronizedRootGroup section */
		1CF4A64730686FA200A20696 /* TrisPlaceRecognitionDemo */ = {
			isa = PBXFileSystemSynchronizedRootGroup;
			path = TrisPlaceRecognitionDemo;
			sourceTree = "<group>";
		};
		1CF4A65530686FA700A20696 /* TrisPlaceRecognitionDemoTests */ = {
			isa = PBXFileSystemSynchronizedRootGroup;
			path = TrisPlaceRecognitionDemoTests;
			sourceTree = "<group>";
		};
		1CF4A65F30686FA700A20696 /* TrisPlaceRecognitionDemoUITests */ = {
			isa = PBXFileSystemSynchronizedRootGroup;
			path = TrisPlaceRecognitionDemoUITests;
			sourceTree = "<group>";
		};
/* End PBXFileSystemSynchronizedRootGroup section */

/* Begin PBXFrameworksBuildPhase section */
		1CF4A64230686FA200A20696 /* Frameworks */ = {
			isa = PBXFrameworksBuildPhase;
			buildActionMask = 2147483647;
			files = (
				1CF4A67130686FE600A20696 /* TrisPlaceRecognitionKit in Frameworks */,
			);
			runOnlyForDeploymentPostprocessing = 0;
		};
		1CF4A64F30686FA700A20696 /* Frameworks */ = {
			isa = PBXFrameworksBuildPhase;
			buildActionMask = 2147483647;
			files = (
			);
			runOnlyForDeploymentPostprocessing = 0;
		};
		1CF4A65930686FA700A20696 /* Frameworks */ = {
			isa = PBXFrameworksBuildPhase;
			buildActionMask = 2147483647;
			files = (
			);
			runOnlyForDeploymentPostprocessing = 0;
		};
/* End PBXFrameworksBuildPhase section */

/* Begin PBXGroup section */
		1CF4A63C30686FA200A20696 = {
			isa = PBXGroup;
			children = (
				1CF4A64730686FA200A20696 /* TrisPlaceRecognitionDemo */,
				1CF4A65530686FA700A20696 /* TrisPlaceRecognitionDemoTests */,
				1CF4A65F30686FA700A20696 /* TrisPlaceRecognitionDemoUITests */,
				1CF4A64630686FA200A20696 /* Products */,
			);
			sourceTree = "<group>";
		};
		1CF4A64630686FA200A20696 /* Products */ = {
			isa = PBXGroup;
			children = (
				1CF4A64530686FA200A20696 /* TrisPlaceRecognitionDemo.app */,
				1CF4A65230686FA700A20696 /* TrisPlaceRecognitionDemoTests.xctest */,
				1CF4A65C30686FA700A20696 /* TrisPlaceRecognitionDemoUITests.xctest */,
			);
			name = Products;
			sourceTree = "<group>";
		};
/* End PBXGroup section */

/* Begin PBXNativeTarget section */
		1CF4A64430686FA200A20696 /* TrisPlaceRecognitionDemo */ = {
			isa = PBXNativeTarget;
			buildConfigurationList = 1CF4A66630686FA700A20696 /* Build configuration list for PBXNativeTarget "TrisPlaceRecognitionDemo" */;
			buildPhases = (
				1CF4A64130686FA200A20696 /* Sources */,
				1CF4A64230686FA200A20696 /* Frameworks */,
				1CF4A64330686FA200A20696 /* Resources */,
			);
			buildRules = (
			);
			dependencies = (
			);
			fileSystemSynchronizedGroups = (
				1CF4A64730686FA200A20696 /* TrisPlaceRecognitionDemo */,
			);
			name = TrisPlaceRecognitionDemo;
			packageProductDependencies = (
				1CF4A67030686FE600A20696 /* TrisPlaceRecognitionKit */,
			);
			productName = TrisPlaceRecognitionDemo;
			productReference = 1CF4A64530686FA200A20696 /* TrisPlaceRecognitionDemo.app */;
			productType = "com.apple.product-type.application";
		};
		1CF4A65130686FA700A20696 /* TrisPlaceRecognitionDemoTests */ = {
			isa = PBXNativeTarget;
			buildConfigurationList = 1CF4A66930686FA700A20696 /* Build configuration list for PBXNativeTarget "TrisPlaceRecognitionDemoTests" */;
			buildPhases = (
				1CF4A64E30686FA700A20696 /* Sources */,
				1CF4A64F30686FA700A20696 /* Frameworks */,
				1CF4A65030686FA700A20696 /* Resources */,
			);
			buildRules = (
			);
			dependencies = (
				1CF4A65430686FA700A20696 /* PBXTargetDependency */,
			);
			fileSystemSynchronizedGroups = (
				1CF4A65530686FA700A20696 /* TrisPlaceRecognitionDemoTests */,
			);
			name = TrisPlaceRecognitionDemoTests;
			packageProductDependencies = (
			);
			productName = TrisPlaceRecognitionDemoTests;
			productReference = 1CF4A65230686FA700A20696 /* TrisPlaceRecognitionDemoTests.xctest */;
			productType = "com.apple.product-type.bundle.unit-test";
		};
		1CF4A65B30686FA700A20696 /* TrisPlaceRecognitionDemoUITests */ = {
			isa = PBXNativeTarget;
			buildConfigurationList = 1CF4A66C30686FA700A20696 /* Build configuration list for PBXNativeTarget "TrisPlaceRecognitionDemoUITests" */;
			buildPhases = (
				1CF4A65830686FA700A20696 /* Sources */,
				1CF4A65930686FA700A20696 /* Frameworks */,
				1CF4A65A30686FA700A20696 /* Resources */,
			);
			buildRules = (
			);
			dependencies = (
				1CF4A65E30686FA700A20696 /* PBXTargetDependency */,
			);
			fileSystemSynchronizedGroups = (
				1CF4A65F30686FA700A20696 /* TrisPlaceRecognitionDemoUITests */,
			);
			name = TrisPlaceRecognitionDemoUITests;
			packageProductDependencies = (
			);
			productName = TrisPlaceRecognitionDemoUITests;
			productReference = 1CF4A65C30686FA700A20696 /* TrisPlaceRecognitionDemoUITests.xctest */;
			productType = "com.apple.product-type.bundle.ui-testing";
		};
/* End PBXNativeTarget section */

/* Begin PBXProject section */
		1CF4A63D30686FA200A20696 /* Project object */ = {
			isa = PBXProject;
			attributes = {
				BuildIndependentTargetsInParallel = 1;
				LastSwiftUpdateCheck = 2650;
				LastUpgradeCheck = 2650;
				TargetAttributes = {
					1CF4A64430686FA200A20696 = {
						CreatedOnToolsVersion = 26.5;
					};
					1CF4A65130686FA700A20696 = {
						CreatedOnToolsVersion = 26.5;
						TestTargetID = 1CF4A64430686FA200A20696;
					};
					1CF4A65B30686FA700A20696 = {
						CreatedOnToolsVersion = 26.5;
						TestTargetID = 1CF4A64430686FA200A20696;
					};
				};
			};
			buildConfigurationList = 1CF4A64030686FA200A20696 /* Build configuration list for PBXProject "TrisPlaceRecognitionDemo" */;
			developmentRegion = en;
			hasScannedForEncodings = 0;
			knownRegions = (
				en,
				Base,
			);
			mainGroup = 1CF4A63C30686FA200A20696;
			minimizedProjectReferenceProxies = 1;
			packageReferences = (
				1CF4A66F30686FE600A20696 /* XCLocalSwiftPackageReference "../../../TrisPlaceRecognitionKit" */,
			);
			preferredProjectObjectVersion = 77;
			productRefGroup = 1CF4A64630686FA200A20696 /* Products */;
			projectDirPath = "";
			projectRoot = "";
			targets = (
				1CF4A64430686FA200A20696 /* TrisPlaceRecognitionDemo */,
				1CF4A65130686FA700A20696 /* TrisPlaceRecognitionDemoTests */,
				1CF4A65B30686FA700A20696 /* TrisPlaceRecognitionDemoUITests */,
			);
		};
/* End PBXProject section */

/* Begin PBXResourcesBuildPhase section */
		1CF4A64330686FA200A20696 /* Resources */ = {
			isa = PBXResourcesBuildPhase;
			buildActionMask = 2147483647;
			files = (
			);
			runOnlyForDeploymentPostprocessing = 0;
		};
		1CF4A65030686FA700A20696 /* Resources */ = {
			isa = PBXResourcesBuildPhase;
			buildActionMask = 2147483647;
			files = (
			);
			runOnlyForDeploymentPostprocessing = 0;
		};
		1CF4A65A30686FA700A20696 /* Resources */ = {
			isa = PBXResourcesBuildPhase;
			buildActionMask = 2147483647;
			files = (
			);
			runOnlyForDeploymentPostprocessing = 0;
		};
/* End PBXResourcesBuildPhase section */

/* Begin PBXSourcesBuildPhase section */
		1CF4A64130686FA200A20696 /* Sources */ = {
			isa = PBXSourcesBuildPhase;
			buildActionMask = 2147483647;
			files = (
			);
			runOnlyForDeploymentPostprocessing = 0;
		};
		1CF4A64E30686FA700A20696 /* Sources */ = {
			isa = PBXSourcesBuildPhase;
			buildActionMask = 2147483647;
			files = (
			);
			runOnlyForDeploymentPostprocessing = 0;
		};
		1CF4A65830686FA700A20696 /* Sources */ = {
			isa = PBXSourcesBuildPhase;
			buildActionMask = 2147483647;
			files = (
			);
			runOnlyForDeploymentPostprocessing = 0;
		};
/* End PBXSourcesBuildPhase section */

/* Begin PBXTargetDependency section */
		1CF4A65430686FA700A20696 /* PBXTargetDependency */ = {
			isa = PBXTargetDependency;
			target = 1CF4A64430686FA200A20696 /* TrisPlaceRecognitionDemo */;
			targetProxy = 1CF4A65330686FA700A20696 /* PBXContainerItemProxy */;
		};
		1CF4A65E30686FA700A20696 /* PBXTargetDependency */ = {
			isa = PBXTargetDependency;
			target = 1CF4A64430686FA200A20696 /* TrisPlaceRecognitionDemo */;
			targetProxy = 1CF4A65D30686FA700A20696 /* PBXContainerItemProxy */;
		};
/* End PBXTargetDependency section */

/* Begin XCBuildConfiguration section */
		1CF4A66430686FA700A20696 /* Debug */ = {
			isa = XCBuildConfiguration;
			buildSettings = {
				ALWAYS_SEARCH_USER_PATHS = NO;
				ASSETCATALOG_COMPILER_GENERATE_SWIFT_ASSET_SYMBOL_EXTENSIONS = YES;
				CLANG_ANALYZER_NONNULL = YES;
				CLANG_ANALYZER_NUMBER_OBJECT_CONVERSION = YES_AGGRESSIVE;
				CLANG_CXX_LANGUAGE_STANDARD = "gnu++20";
				CLANG_ENABLE_MODULES = YES;
				CLANG_ENABLE_OBJC_ARC = YES;
				CLANG_ENABLE_OBJC_WEAK = YES;
				CLANG_WARN_BLOCK_CAPTURE_AUTORELEASING = YES;
				CLANG_WARN_BOOL_CONVERSION = YES;
				CLANG_WARN_COMMA = YES;
				CLANG_WARN_CONSTANT_CONVERSION = YES;
				CLANG_WARN_DEPRECATED_OBJC_IMPLEMENTATIONS = YES;
				CLANG_WARN_DIRECT_OBJC_ISA_USAGE = YES_ERROR;
				CLANG_WARN_DOCUMENTATION_COMMENTS = YES;
				CLANG_WARN_EMPTY_BODY = YES;
				CLANG_WARN_ENUM_CONVERSION = YES;
				CLANG_WARN_INFINITE_RECURSION = YES;
				CLANG_WARN_INT_CONVERSION = YES;
				CLANG_WARN_NON_LITERAL_NULL_CONVERSION = YES;
				CLANG_WARN_OBJC_IMPLICIT_RETAIN_SELF = YES;
				CLANG_WARN_OBJC_LITERAL_CONVERSION = YES;
				CLANG_WARN_OBJC_ROOT_CLASS = YES_ERROR;
				CLANG_WARN_QUOTED_INCLUDE_IN_FRAMEWORK_HEADER = YES;
				CLANG_WARN_RANGE_LOOP_ANALYSIS = YES;
				CLANG_WARN_STRICT_PROTOTYPES = YES;
				CLANG_WARN_SUSPICIOUS_MOVE = YES;
				CLANG_WARN_UNGUARDED_AVAILABILITY = YES_AGGRESSIVE;
				CLANG_WARN_UNREACHABLE_CODE = YES;
				CLANG_WARN__DUPLICATE_METHOD_MATCH = YES;
				COPY_PHASE_STRIP = NO;
				DEBUG_INFORMATION_FORMAT = dwarf;
				DEVELOPMENT_TEAM = NXY923MCN7;
				ENABLE_STRICT_OBJC_MSGSEND = YES;
				ENABLE_TESTABILITY = YES;
				ENABLE_USER_SCRIPT_SANDBOXING = YES;
				GCC_C_LANGUAGE_STANDARD = gnu17;
				GCC_DYNAMIC_NO_PIC = NO;
				GCC_NO_COMMON_BLOCKS = YES;
				GCC_OPTIMIZATION_LEVEL = 0;
				GCC_PREPROCESSOR_DEFINITIONS = (
					"DEBUG=1",
					"$(inherited)",
				);
				GCC_WARN_64_TO_32_BIT_CONVERSION = YES;
				GCC_WARN_ABOUT_RETURN_TYPE = YES_ERROR;
				GCC_WARN_UNDECLARED_SELECTOR = YES;
				GCC_WARN_UNINITIALIZED_AUTOS = YES_AGGRESSIVE;
				GCC_WARN_UNUSED_FUNCTION = YES;
				GCC_WARN_UNUSED_VARIABLE = YES;
				IPHONEOS_DEPLOYMENT_TARGET = 26.5;
				LOCALIZATION_PREFERS_STRING_CATALOGS = YES;
				MTL_ENABLE_DEBUG_INFO = INCLUDE_SOURCE;
				MTL_FAST_MATH = YES;
				ONLY_ACTIVE_ARCH = YES;
				SDKROOT = iphoneos;
				SWIFT_ACTIVE_COMPILATION_CONDITIONS = "DEBUG $(inherited)";
				SWIFT_OPTIMIZATION_LEVEL = "-Onone";
			};
			name = Debug;
		};
		1CF4A66530686FA700A20696 /* Release */ = {
			isa = XCBuildConfiguration;
			buildSettings = {
				ALWAYS_SEARCH_USER_PATHS = NO;
				ASSETCATALOG_COMPILER_GENERATE_SWIFT_ASSET_SYMBOL_EXTENSIONS = YES;
				CLANG_ANALYZER_NONNULL = YES;
				CLANG_ANALYZER_NUMBER_OBJECT_CONVERSION = YES_AGGRESSIVE;
				CLANG_CXX_LANGUAGE_STANDARD = "gnu++20";
				CLANG_ENABLE_MODULES = YES;
				CLANG_ENABLE_OBJC_ARC = YES;
				CLANG_ENABLE_OBJC_WEAK = YES;
				CLANG_WARN_BLOCK_CAPTURE_AUTORELEASING = YES;
				CLANG_WARN_BOOL_CONVERSION = YES;
				CLANG_WARN_COMMA = YES;
				CLANG_WARN_CONSTANT_CONVERSION = YES;
				CLANG_WARN_DEPRECATED_OBJC_IMPLEMENTATIONS = YES;
				CLANG_WARN_DIRECT_OBJC_ISA_USAGE = YES_ERROR;
				CLANG_WARN_DOCUMENTATION_COMMENTS = YES;
				CLANG_WARN_EMPTY_BODY = YES;
				CLANG_WARN_ENUM_CONVERSION = YES;
				CLANG_WARN_INFINITE_RECURSION = YES;
				CLANG_WARN_INT_CONVERSION = YES;
				CLANG_WARN_NON_LITERAL_NULL_CONVERSION = YES;
				CLANG_WARN_OBJC_IMPLICIT_RETAIN_SELF = YES;
				CLANG_WARN_OBJC_LITERAL_CONVERSION = YES;
				CLANG_WARN_OBJC_ROOT_CLASS = YES_ERROR;
				CLANG_WARN_QUOTED_INCLUDE_IN_FRAMEWORK_HEADER = YES;
				CLANG_WARN_RANGE_LOOP_ANALYSIS = YES;
				CLANG_WARN_STRICT_PROTOTYPES = YES;
				CLANG_WARN_SUSPICIOUS_MOVE = YES;
				CLANG_WARN_UNGUARDED_AVAILABILITY = YES_AGGRESSIVE;
				CLANG_WARN_UNREACHABLE_CODE = YES;
				CLANG_WARN__DUPLICATE_METHOD_MATCH = YES;
				COPY_PHASE_STRIP = NO;
				DEBUG_INFORMATION_FORMAT = "dwarf-with-dsym";
				DEVELOPMENT_TEAM = NXY923MCN7;
				ENABLE_NS_ASSERTIONS = NO;
				ENABLE_STRICT_OBJC_MSGSEND = YES;
				ENABLE_USER_SCRIPT_SANDBOXING = YES;
				GCC_C_LANGUAGE_STANDARD = gnu17;
				GCC_NO_COMMON_BLOCKS = YES;
				GCC_WARN_64_TO_32_BIT_CONVERSION = YES;
				GCC_WARN_ABOUT_RETURN_TYPE = YES_ERROR;
				GCC_WARN_UNDECLARED_SELECTOR = YES;
				GCC_WARN_UNINITIALIZED_AUTOS = YES_AGGRESSIVE;
				GCC_WARN_UNUSED_FUNCTION = YES;
				GCC_WARN_UNUSED_VARIABLE = YES;
				IPHONEOS_DEPLOYMENT_TARGET = 26.5;
				LOCALIZATION_PREFERS_STRING_CATALOGS = YES;
				MTL_ENABLE_DEBUG_INFO = NO;
				MTL_FAST_MATH = YES;
				SDKROOT = iphoneos;
				SWIFT_COMPILATION_MODE = wholemodule;
				VALIDATE_PRODUCT = YES;
			};
			name = Release;
		};
		1CF4A66730686FA700A20696 /* Debug */ = {
			isa = XCBuildConfiguration;
			buildSettings = {
				ASSETCATALOG_COMPILER_APPICON_NAME = AppIcon;
				ASSETCATALOG_COMPILER_GLOBAL_ACCENT_COLOR_NAME = AccentColor;
				CODE_SIGN_STYLE = Automatic;
				CURRENT_PROJECT_VERSION = 1;
				DEVELOPMENT_TEAM = NXY923MCN7;
				ENABLE_PREVIEWS = YES;
				GENERATE_INFOPLIST_FILE = YES;
				INFOPLIST_KEY_NSLocationWhenInUseUsageDescription = "장소 등록 및 인식을 위해 현재 위치를 사용합니다.";
				INFOPLIST_KEY_UIApplicationSceneManifest_Generation = YES;
				INFOPLIST_KEY_UIApplicationSupportsIndirectInputEvents = YES;
				INFOPLIST_KEY_UILaunchScreen_Generation = YES;
				INFOPLIST_KEY_UISupportedInterfaceOrientations_iPad = "UIInterfaceOrientationPortrait UIInterfaceOrientationPortraitUpsideDown UIInterfaceOrientationLandscapeLeft UIInterfaceOrientationLandscapeRight";
				INFOPLIST_KEY_UISupportedInterfaceOrientations_iPhone = "UIInterfaceOrientationPortrait UIInterfaceOrientationLandscapeLeft UIInterfaceOrientationLandscapeRight";
				LD_RUNPATH_SEARCH_PATHS = (
					"$(inherited)",
					"@executable_path/Frameworks",
				);
				MARKETING_VERSION = 1.0;
				PRODUCT_BUNDLE_IDENTIFIER = com.tris.TrisPlaceRecognitionDemo;
				PRODUCT_NAME = "$(TARGET_NAME)";
				STRING_CATALOG_GENERATE_SYMBOLS = YES;
				SWIFT_APPROACHABLE_CONCURRENCY = YES;
				SWIFT_DEFAULT_ACTOR_ISOLATION = MainActor;
				SWIFT_EMIT_LOC_STRINGS = YES;
				SWIFT_UPCOMING_FEATURE_MEMBER_IMPORT_VISIBILITY = YES;
				SWIFT_VERSION = 5.0;
				TARGETED_DEVICE_FAMILY = "1,2";
			};
			name = Debug;
		};
		1CF4A66830686FA700A20696 /* Release */ = {
			isa = XCBuildConfiguration;
			buildSettings = {
				ASSETCATALOG_COMPILER_APPICON_NAME = AppIcon;
				ASSETCATALOG_COMPILER_GLOBAL_ACCENT_COLOR_NAME = AccentColor;
				CODE_SIGN_STYLE = Automatic;
				CURRENT_PROJECT_VERSION = 1;
				DEVELOPMENT_TEAM = NXY923MCN7;
				ENABLE_PREVIEWS = YES;
				GENERATE_INFOPLIST_FILE = YES;
				INFOPLIST_KEY_NSLocationWhenInUseUsageDescription = "장소 등록 및 인식을 위해 현재 위치를 사용합니다.";
				INFOPLIST_KEY_UIApplicationSceneManifest_Generation = YES;
				INFOPLIST_KEY_UIApplicationSupportsIndirectInputEvents = YES;
				INFOPLIST_KEY_UILaunchScreen_Generation = YES;
				INFOPLIST_KEY_UISupportedInterfaceOrientations_iPad = "UIInterfaceOrientationPortrait UIInterfaceOrientationPortraitUpsideDown UIInterfaceOrientationLandscapeLeft UIInterfaceOrientationLandscapeRight";
				INFOPLIST_KEY_UISupportedInterfaceOrientations_iPhone = "UIInterfaceOrientationPortrait UIInterfaceOrientationLandscapeLeft UIInterfaceOrientationLandscapeRight";
				LD_RUNPATH_SEARCH_PATHS = (
					"$(inherited)",
					"@executable_path/Frameworks",
				);
				MARKETING_VERSION = 1.0;
				PRODUCT_BUNDLE_IDENTIFIER = com.tris.TrisPlaceRecognitionDemo;
				PRODUCT_NAME = "$(TARGET_NAME)";
				STRING_CATALOG_GENERATE_SYMBOLS = YES;
				SWIFT_APPROACHABLE_CONCURRENCY = YES;
				SWIFT_DEFAULT_ACTOR_ISOLATION = MainActor;
				SWIFT_EMIT_LOC_STRINGS = YES;
				SWIFT_UPCOMING_FEATURE_MEMBER_IMPORT_VISIBILITY = YES;
				SWIFT_VERSION = 5.0;
				TARGETED_DEVICE_FAMILY = "1,2";
			};
			name = Release;
		};
		1CF4A66A30686FA700A20696 /* Debug */ = {
			isa = XCBuildConfiguration;
			buildSettings = {
				BUNDLE_LOADER = "$(TEST_HOST)";
				CODE_SIGN_STYLE = Automatic;
				CURRENT_PROJECT_VERSION = 1;
				DEVELOPMENT_TEAM = NXY923MCN7;
				GENERATE_INFOPLIST_FILE = YES;
				IPHONEOS_DEPLOYMENT_TARGET = 26.5;
				MARKETING_VERSION = 1.0;
				PRODUCT_BUNDLE_IDENTIFIER = com.tris.TrisPlaceRecognitionDemoTests;
				PRODUCT_NAME = "$(TARGET_NAME)";
				STRING_CATALOG_GENERATE_SYMBOLS = NO;
				SWIFT_APPROACHABLE_CONCURRENCY = YES;
				SWIFT_EMIT_LOC_STRINGS = NO;
				SWIFT_UPCOMING_FEATURE_MEMBER_IMPORT_VISIBILITY = YES;
				SWIFT_VERSION = 5.0;
				TARGETED_DEVICE_FAMILY = "1,2";
				TEST_HOST = "$(BUILT_PRODUCTS_DIR)/TrisPlaceRecognitionDemo.app/$(BUNDLE_EXECUTABLE_FOLDER_PATH)/TrisPlaceRecognitionDemo";
			};
			name = Debug;
		};
		1CF4A66B30686FA700A20696 /* Release */ = {
			isa = XCBuildConfiguration;
			buildSettings = {
				BUNDLE_LOADER = "$(TEST_HOST)";
				CODE_SIGN_STYLE = Automatic;
				CURRENT_PROJECT_VERSION = 1;
				DEVELOPMENT_TEAM = NXY923MCN7;
				GENERATE_INFOPLIST_FILE = YES;
				IPHONEOS_DEPLOYMENT_TARGET = 26.5;
				MARKETING_VERSION = 1.0;
				PRODUCT_BUNDLE_IDENTIFIER = com.tris.TrisPlaceRecognitionDemoTests;
				PRODUCT_NAME = "$(TARGET_NAME)";
				STRING_CATALOG_GENERATE_SYMBOLS = NO;
				SWIFT_APPROACHABLE_CONCURRENCY = YES;
				SWIFT_EMIT_LOC_STRINGS = NO;
				SWIFT_UPCOMING_FEATURE_MEMBER_IMPORT_VISIBILITY = YES;
				SWIFT_VERSION = 5.0;
				TARGETED_DEVICE_FAMILY = "1,2";
				TEST_HOST = "$(BUILT_PRODUCTS_DIR)/TrisPlaceRecognitionDemo.app/$(BUNDLE_EXECUTABLE_FOLDER_PATH)/TrisPlaceRecognitionDemo";
			};
			name = Release;
		};
		1CF4A66D30686FA700A20696 /* Debug */ = {
			isa = XCBuildConfiguration;
			buildSettings = {
				CODE_SIGN_STYLE = Automatic;
				CURRENT_PROJECT_VERSION = 1;
				DEVELOPMENT_TEAM = NXY923MCN7;
				GENERATE_INFOPLIST_FILE = YES;
				MARKETING_VERSION = 1.0;
				PRODUCT_BUNDLE_IDENTIFIER = com.tris.TrisPlaceRecognitionDemoUITests;
				PRODUCT_NAME = "$(TARGET_NAME)";
				STRING_CATALOG_GENERATE_SYMBOLS = NO;
				SWIFT_APPROACHABLE_CONCURRENCY = YES;
				SWIFT_EMIT_LOC_STRINGS = NO;
				SWIFT_UPCOMING_FEATURE_MEMBER_IMPORT_VISIBILITY = YES;
				SWIFT_VERSION = 5.0;
				TARGETED_DEVICE_FAMILY = "1,2";
				TEST_TARGET_NAME = TrisPlaceRecognitionDemo;
			};
			name = Debug;
		};
		1CF4A66E30686FA700A20696 /* Release */ = {
			isa = XCBuildConfiguration;
			buildSettings = {
				CODE_SIGN_STYLE = Automatic;
				CURRENT_PROJECT_VERSION = 1;
				DEVELOPMENT_TEAM = NXY923MCN7;
				GENERATE_INFOPLIST_FILE = YES;
				MARKETING_VERSION = 1.0;
				PRODUCT_BUNDLE_IDENTIFIER = com.tris.TrisPlaceRecognitionDemoUITests;
				PRODUCT_NAME = "$(TARGET_NAME)";
				STRING_CATALOG_GENERATE_SYMBOLS = NO;
				SWIFT_APPROACHABLE_CONCURRENCY = YES;
				SWIFT_EMIT_LOC_STRINGS = NO;
				SWIFT_UPCOMING_FEATURE_MEMBER_IMPORT_VISIBILITY = YES;
				SWIFT_VERSION = 5.0;
				TARGETED_DEVICE_FAMILY = "1,2";
				TEST_TARGET_NAME = TrisPlaceRecognitionDemo;
			};
			name = Release;
		};
/* End XCBuildConfiguration section */

/* Begin XCConfigurationList section */
		1CF4A64030686FA200A20696 /* Build configuration list for PBXProject "TrisPlaceRecognitionDemo" */ = {
			isa = XCConfigurationList;
			buildConfigurations = (
				1CF4A66430686FA700A20696 /* Debug */,
				1CF4A66530686FA700A20696 /* Release */,
			);
			defaultConfigurationIsVisible = 0;
			defaultConfigurationName = Release;
		};
		1CF4A66630686FA700A20696 /* Build configuration list for PBXNativeTarget "TrisPlaceRecognitionDemo" */ = {
			isa = XCConfigurationList;
			buildConfigurations = (
				1CF4A66730686FA700A20696 /* Debug */,
				1CF4A66830686FA700A20696 /* Release */,
			);
			defaultConfigurationIsVisible = 0;
			defaultConfigurationName = Release;
		};
		1CF4A66930686FA700A20696 /* Build configuration list for PBXNativeTarget "TrisPlaceRecognitionDemoTests" */ = {
			isa = XCConfigurationList;
			buildConfigurations = (
				1CF4A66A30686FA700A20696 /* Debug */,
				1CF4A66B30686FA700A20696 /* Release */,
			);
			defaultConfigurationIsVisible = 0;
			defaultConfigurationName = Release;
		};
		1CF4A66C30686FA700A20696 /* Build configuration list for PBXNativeTarget "TrisPlaceRecognitionDemoUITests" */ = {
			isa = XCConfigurationList;
			buildConfigurations = (
				1CF4A66D30686FA700A20696 /* Debug */,
				1CF4A66E30686FA700A20696 /* Release */,
			);
			defaultConfigurationIsVisible = 0;
			defaultConfigurationName = Release;
		};
/* End XCConfigurationList section */

/* Begin XCLocalSwiftPackageReference section */
		1CF4A66F30686FE600A20696 /* XCLocalSwiftPackageReference "../../../TrisPlaceRecognitionKit" */ = {
			isa = XCLocalSwiftPackageReference;
			relativePath = ../../../TrisPlaceRecognitionKit;
		};
/* End XCLocalSwiftPackageReference section */

/* Begin XCSwiftPackageProductDependency section */
		1CF4A67030686FE600A20696 /* TrisPlaceRecognitionKit */ = {
			isa = XCSwiftPackageProductDependency;
			productName = TrisPlaceRecognitionKit;
		};
/* End XCSwiftPackageProductDependency section */
	};
	rootObject = 1CF4A63D30686FA200A20696 /* Project object */;
}
