{
  "originHash" : "0f540474dc52000a9aa0e7dd625ae96cc7fecaf96a087ebf7b0283429ed7c0ff",
  "pins" : [
    {
      "identity" : "trislocationkit",
      "kind" : "remoteSourceControl",
      "location" : "https://github.com/iosdevbyul/TrisLocationKit",
      "state" : {
        "revision" : "c25e447bb502a9b8c1abc81d913f1cdf307f9533",
        "version" : "1.0.0"
      }
    },
    {
      "identity" : "trisnotificationkit",
      "kind" : "remoteSourceControl",
      "location" : "https://github.com/iosdevbyul/TrisNotificationKit",
      "state" : {
        "revision" : "97a61a2318e6940dc96af484f20cf0b099fba729",
        "version" : "1.0.0"
      }
    }
  ],
  "version" : 3
}
